
Microsoft Visual Studio Solution File, Format Version 12.00
# Visual Studio Version 17
VisualStudioVersion = 17.5.33530.505
MinimumVisualStudioVersion = 10.0.40219.1
Project("{FAE04EC0-301F-11D3-BF4B-00C04F79EFBC}") = "APiReservas", "APiReservas\APiReservas.csproj", "{8EA74F65-E9F5-49EE-8251-84BA846A4BBB}"
EndProject
Global
	GlobalSection(SolutionConfigurationPlatforms) = preSolution
		Debug|Any CPU = Debug|Any CPU
		Release|Any CPU = Release|Any CPU
	EndGlobalSection
	GlobalSection(ProjectConfigurationPlatforms) = postSolution
		{8EA74F65-E9F5-49EE-8251-84BA846A4BBB}.Debug|Any CPU.ActiveCfg = Debug|Any CPU
		{8EA74F65-E9F5-49EE-8251-84BA846A4BBB}.Debug|Any CPU.Build.0 = Debug|Any CPU
		{8EA74F65-E9F5-49EE-8251-84BA846A4BBB}.Release|Any CPU.ActiveCfg = Release|Any CPU
		{8EA74F65-E9F5-49EE-8251-84BA846A4BBB}.Release|Any CPU.Build.0 = Release|Any CPU
	EndGlobalSection
	GlobalSection(SolutionProperties) = preSolution
		HideSolutionNode = FALSE
	EndGlobalSection
	GlobalSection(ExtensibilityGlobals) = postSolution
		SolutionGuid = {37E5E5A0-CBA2-459C-AA3D-D2CEE9355840}
	EndGlobalSection
EndGlobal
